
Microsoft Visual Studio Solution File, Format Version 12.00
# Visual Studio Version 17
VisualStudioVersion = 17.5.33502.453
MinimumVisualStudioVersion = 10.0.40219.1
Project("{FAE04EC0-301F-11D3-BF4B-00C04F79EFBC}") = "LameOBSTimer", "LameOBSTimer\LameOBSTimer.csproj", "{29BFEEAF-86C8-4687-87BC-A8C966F41E7E}"
EndProject
Global
	GlobalSection(SolutionConfigurationPlatforms) = preSolution
		Debug|Any CPU = Debug|Any CPU
		Release|Any CPU = Release|Any CPU
	EndGlobalSection
	GlobalSection(ProjectConfigurationPlatforms) = postSolution
		{29BFEEAF-86C8-4687-87BC-A8C966F41E7E}.Debug|Any CPU.ActiveCfg = Debug|Any CPU
		{29BFEEAF-86C8-4687-87BC-A8C966F41E7E}.Debug|Any CPU.Build.0 = Debug|Any CPU
		{29BFEEAF-86C8-4687-87BC-A8C966F41E7E}.Release|Any CPU.ActiveCfg = Release|Any CPU
		{29BFEEAF-86C8-4687-87BC-A8C966F41E7E}.Release|Any CPU.Build.0 = Release|Any CPU
	EndGlobalSection
	GlobalSection(SolutionProperties) = preSolution
		HideSolutionNode = FALSE
	EndGlobalSection
	GlobalSection(ExtensibilityGlobals) = postSolution
		SolutionGuid = {7C45A5EB-C23D-43B2-961F-CA3EEFA3F332}
	EndGlobalSection
EndGlobal
